
Microsoft Visual Studio Solution File, Format Version 12.00
# Visual Studio Version 16
VisualStudioVersion = 16.0.30114.105
MinimumVisualStudioVersion = 10.0.40219.1
Project("{2150E333-8FDC-42A3-9474-1A3956D46DE8}") = "tests", "tests", "{2FA0F178-CD9F-4484-817D-D2A754C58442}"
EndProject
Project("{FAE04EC0-301F-11D3-BF4B-00C04F79EFBC}") = "Demo.Tests", "tests\Demo.Tests\Demo.Tests.csproj", "{8EF6C963-EA56-41AC-90D7-3F7FBC9AD8AB}"
EndProject
Global
	GlobalSection(SolutionConfigurationPlatforms) = preSolution
		Debug|Any CPU = Debug|Any CPU
		Release|Any CPU = Release|Any CPU
	EndGlobalSection
	GlobalSection(SolutionProperties) = preSolution
		HideSolutionNode = FALSE
	EndGlobalSection
	GlobalSection(ProjectConfigurationPlatforms) = postSolution
		{8EF6C963-EA56-41AC-90D7-3F7FBC9AD8AB}.Debug|Any CPU.ActiveCfg = Debug|Any CPU
		{8EF6C963-EA56-41AC-90D7-3F7FBC9AD8AB}.Debug|Any CPU.Build.0 = Debug|Any CPU
		{8EF6C963-EA56-41AC-90D7-3F7FBC9AD8AB}.Release|Any CPU.ActiveCfg = Release|Any CPU
		{8EF6C963-EA56-41AC-90D7-3F7FBC9AD8AB}.Release|Any CPU.Build.0 = Release|Any CPU
	EndGlobalSection
	GlobalSection(NestedProjects) = preSolution
		{8EF6C963-EA56-41AC-90D7-3F7FBC9AD8AB} = {2FA0F178-CD9F-4484-817D-D2A754C58442}
	EndGlobalSection
EndGlobal
